
Microsoft Visual Studio Solution File, Format Version 12.00
# Visual Studio Version 17
VisualStudioVersion = 17.9.34723.18
MinimumVisualStudioVersion = 10.0.40219.1
Project("{FAE04EC0-301F-11D3-BF4B-00C04F79EFBC}") = "Task", "Task\Task.csproj", "{A6080092-BE03-464A-A7E1-8AC36A5E6421}"
EndProject
Global
	GlobalSection(SolutionConfigurationPlatforms) = preSolution
		Debug|Any CPU = Debug|Any CPU
		Release|Any CPU = Release|Any CPU
	EndGlobalSection
	GlobalSection(ProjectConfigurationPlatforms) = postSolution
		{A6080092-BE03-464A-A7E1-8AC36A5E6421}.Debug|Any CPU.ActiveCfg = Debug|Any CPU
		{A6080092-BE03-464A-A7E1-8AC36A5E6421}.Debug|Any CPU.Build.0 = Debug|Any CPU
		{A6080092-BE03-464A-A7E1-8AC36A5E6421}.Release|Any CPU.ActiveCfg = Release|Any CPU
		{A6080092-BE03-464A-A7E1-8AC36A5E6421}.Release|Any CPU.Build.0 = Release|Any CPU
	EndGlobalSection
	GlobalSection(SolutionProperties) = preSolution
		HideSolutionNode = FALSE
	EndGlobalSection
	GlobalSection(ExtensibilityGlobals) = postSolution
		SolutionGuid = {B2D4C750-8A40-4F4B-8DA6-1827BD96C545}
	EndGlobalSection
EndGlobal
